
Microsoft Visual Studio Solution File, Format Version 12.00
# Visual Studio 15
VisualStudioVersion = 15.0.28307.572
MinimumVisualStudioVersion = 10.0.40219.1
Project("{FAE04EC0-301F-11D3-BF4B-00C04F79EFBC}") = "CubeNumber", "CubeNumber\CubeNumber.csproj", "{81925161-D474-4127-8E50-18F4052C5671}"
EndProject
Global
	GlobalSection(SolutionConfigurationPlatforms) = preSolution
		Debug|Any CPU = Debug|Any CPU
		Release|Any CPU = Release|Any CPU
	EndGlobalSection
	GlobalSection(ProjectConfigurationPlatforms) = postSolution
		{81925161-D474-4127-8E50-18F4052C5671}.Debug|Any CPU.ActiveCfg = Debug|Any CPU
		{81925161-D474-4127-8E50-18F4052C5671}.Debug|Any CPU.Build.0 = Debug|Any CPU
		{81925161-D474-4127-8E50-18F4052C5671}.Release|Any CPU.ActiveCfg = Release|Any CPU
		{81925161-D474-4127-8E50-18F4052C5671}.Release|Any CPU.Build.0 = Release|Any CPU
	EndGlobalSection
	GlobalSection(SolutionProperties) = preSolution
		HideSolutionNode = FALSE
	EndGlobalSection
	GlobalSection(ExtensibilityGlobals) = postSolution
		SolutionGuid = {3C5F628E-9E06-423C-93B3-FF5063FB23BE}
	EndGlobalSection
EndGlobal
